
Microsoft Visual Studio Solution File, Format Version 12.00
# Visual Studio Version 16
VisualStudioVersion = 16.0.29911.84
MinimumVisualStudioVersion = 10.0.40219.1
Project("{FAE04EC0-301F-11D3-BF4B-00C04F79EFBC}") = "DemoModel", "DemoModel\DemoModel.csproj", "{ECEA0295-2902-4893-93AB-6259CEF670C6}"
EndProject
Project("{2150E333-8FDC-42A3-9474-1A3956D46DE8}") = "Database", "Database", "{E703426D-021B-4DD2-91FD-AE3EE2434C42}"
EndProject
Project("{2150E333-8FDC-42A3-9474-1A3956D46DE8}") = "UI", "UI", "{597DBD49-830A-4CE0-A7D6-9CBEA5B3F5A5}"
EndProject
Project("{2150E333-8FDC-42A3-9474-1A3956D46DE8}") = "Api", "Api", "{CC02D16F-BF35-464A-90E5-FA2E52A8BA77}"
EndProject
Project("{00D1A9C2-B5F0-4AF3-8072-F6C62B433612}") = "Contacts", "Contacts\Contacts.sqlproj", "{7B009C1A-01EE-4B99-AFEF-66AA41FDF0D0}"
EndProject
Project("{FAE04EC0-301F-11D3-BF4B-00C04F79EFBC}") = "DemoModel.Api", "DemoModel.Api\DemoModel.Api.csproj", "{58B07FB4-D204-40D1-AE2D-6811E9FD031D}"
EndProject
Project("{2150E333-8FDC-42A3-9474-1A3956D46DE8}") = "Models", "Models", "{0734D21E-107C-4629-9912-FFD5DD18F7F9}"
EndProject
Project("{2150E333-8FDC-42A3-9474-1A3956D46DE8}") = "Models", "Models", "{40F4A2D4-1EB5-4749-9BEC-00045F3D3389}"
EndProject
Project("{FAE04EC0-301F-11D3-BF4B-00C04F79EFBC}") = "DemoModel.Api.Models.Global", "DemoModel.Api.Models.Global\DemoModel.Api.Models.Global.csproj", "{F02A5307-03C6-4C8A-AED7-751CDFB80B83}"
EndProject
Project("{FAE04EC0-301F-11D3-BF4B-00C04F79EFBC}") = "DemoModel.Api.Models.Client", "DemoModel.Api.Models.Client\DemoModel.Api.Models.Client.csproj", "{0E06438A-1439-449D-9723-239854882686}"
EndProject
Project("{FAE04EC0-301F-11D3-BF4B-00C04F79EFBC}") = "DemoModel.Api.Models.Interfaces", "DemoModel.Api.Models.Interfaces\DemoModel.Api.Models.Interfaces.csproj", "{94FEB763-FF08-4122-A9F7-114B5787FC9D}"
EndProject
Project("{2150E333-8FDC-42A3-9474-1A3956D46DE8}") = "Tools", "Tools", "{266902FB-21A7-4625-BB5D-D10BC4B0DD64}"
EndProject
Project("{FAE04EC0-301F-11D3-BF4B-00C04F79EFBC}") = "ToolBox", "ToolBox\ToolBox.csproj", "{C4873DBE-5463-4614-82DD-05642FE17B2A}"
EndProject
Project("{2150E333-8FDC-42A3-9474-1A3956D46DE8}") = "Common", "Common", "{B0C9B756-6078-4A61-BA30-B636DF04E3A6}"
EndProject
Project("{FAE04EC0-301F-11D3-BF4B-00C04F79EFBC}") = "DemoModel.Models.Global", "DemoModel.Models.Global\DemoModel.Models.Global.csproj", "{A6C6513E-1C9A-4B66-AAA4-555A42D1E4F8}"
EndProject
Project("{FAE04EC0-301F-11D3-BF4B-00C04F79EFBC}") = "DemoModel.Models.Client", "DemoModel.Models.Client\DemoModel.Models.Client.csproj", "{AB62F1A3-42C1-4D7C-AEC7-A0554E6B971D}"
EndProject
Project("{FAE04EC0-301F-11D3-BF4B-00C04F79EFBC}") = "ToolBox.MVVM", "ToolBox.MVVM\ToolBox.MVVM.csproj", "{E6047B25-35AE-46B7-83FE-D171F4D65961}"
EndProject
Project("{2150E333-8FDC-42A3-9474-1A3956D46DE8}") = "Web", "Web", "{ED110D7D-6A07-4B3C-9AC6-D694E45E732A}"
EndProject
Project("{FAE04EC0-301F-11D3-BF4B-00C04F79EFBC}") = "DemoModel.Web", "DemoModel.Web\DemoModel.Web.csproj", "{71EFF6D9-6AB7-4F7A-A506-503396F7E0ED}"
EndProject
Global
	GlobalSection(SolutionConfigurationPlatforms) = preSolution
		Debug|Any CPU = Debug|Any CPU
		Release|Any CPU = Release|Any CPU
	EndGlobalSection
	GlobalSection(ProjectConfigurationPlatforms) = postSolution
		{ECEA0295-2902-4893-93AB-6259CEF670C6}.Debug|Any CPU.ActiveCfg = Debug|Any CPU
		{ECEA0295-2902-4893-93AB-6259CEF670C6}.Debug|Any CPU.Build.0 = Debug|Any CPU
		{ECEA0295-2902-4893-93AB-6259CEF670C6}.Release|Any CPU.ActiveCfg = Release|Any CPU
		{ECEA0295-2902-4893-93AB-6259CEF670C6}.Release|Any CPU.Build.0 = Release|Any CPU
		{7B009C1A-01EE-4B99-AFEF-66AA41FDF0D0}.Debug|Any CPU.ActiveCfg = Debug|Any CPU
		{7B009C1A-01EE-4B99-AFEF-66AA41FDF0D0}.Debug|Any CPU.Build.0 = Debug|Any CPU
		{7B009C1A-01EE-4B99-AFEF-66AA41FDF0D0}.Debug|Any CPU.Deploy.0 = Debug|Any CPU
		{7B009C1A-01EE-4B99-AFEF-66AA41FDF0D0}.Release|Any CPU.ActiveCfg = Release|Any CPU
		{7B009C1A-01EE-4B99-AFEF-66AA41FDF0D0}.Release|Any CPU.Build.0 = Release|Any CPU
		{7B009C1A-01EE-4B99-AFEF-66AA41FDF0D0}.Release|Any CPU.Deploy.0 = Release|Any CPU
		{58B07FB4-D204-40D1-AE2D-6811E9FD031D}.Debug|Any CPU.ActiveCfg = Debug|Any CPU
		{58B07FB4-D204-40D1-AE2D-6811E9FD031D}.Debug|Any CPU.Build.0 = Debug|Any CPU
		{58B07FB4-D204-40D1-AE2D-6811E9FD031D}.Release|Any CPU.ActiveCfg = Release|Any CPU
		{58B07FB4-D204-40D1-AE2D-6811E9FD031D}.Release|Any CPU.Build.0 = Release|Any CPU
		{F02A5307-03C6-4C8A-AED7-751CDFB80B83}.Debug|Any CPU.ActiveCfg = Debug|Any CPU
		{F02A5307-03C6-4C8A-AED7-751CDFB80B83}.Debug|Any CPU.Build.0 = Debug|Any CPU
		{F02A5307-03C6-4C8A-AED7-751CDFB80B83}.Release|Any CPU.ActiveCfg = Release|Any CPU
		{F02A5307-03C6-4C8A-AED7-751CDFB80B83}.Release|Any CPU.Build.0 = Release|Any CPU
		{0E06438A-1439-449D-9723-239854882686}.Debug|Any CPU.ActiveCfg = Debug|Any CPU
		{0E06438A-1439-449D-9723-239854882686}.Debug|Any CPU.Build.0 = Debug|Any CPU
		{0E06438A-1439-449D-9723-239854882686}.Release|Any CPU.ActiveCfg = Release|Any CPU
		{0E06438A-1439-449D-9723-239854882686}.Release|Any CPU.Build.0 = Release|Any CPU
		{94FEB763-FF08-4122-A9F7-114B5787FC9D}.Debug|Any CPU.ActiveCfg = Debug|Any CPU
		{94FEB763-FF08-4122-A9F7-114B5787FC9D}.Debug|Any CPU.Build.0 = Debug|Any CPU
		{94FEB763-FF08-4122-A9F7-114B5787FC9D}.Release|Any CPU.ActiveCfg = Release|Any CPU
		{94FEB763-FF08-4122-A9F7-114B5787FC9D}.Release|Any CPU.Build.0 = Release|Any CPU
		{C4873DBE-5463-4614-82DD-05642FE17B2A}.Debug|Any CPU.ActiveCfg = Debug|Any CPU
		{C4873DBE-5463-4614-82DD-05642FE17B2A}.Debug|Any CPU.Build.0 = Debug|Any CPU
		{C4873DBE-5463-4614-82DD-05642FE17B2A}.Release|Any CPU.ActiveCfg = Release|Any CPU
		{C4873DBE-5463-4614-82DD-05642FE17B2A}.Release|Any CPU.Build.0 = Release|Any CPU
		{A6C6513E-1C9A-4B66-AAA4-555A42D1E4F8}.Debug|Any CPU.ActiveCfg = Debug|Any CPU
		{A6C6513E-1C9A-4B66-AAA4-555A42D1E4F8}.Debug|Any CPU.Build.0 = Debug|Any CPU
		{A6C6513E-1C9A-4B66-AAA4-555A42D1E4F8}.Release|Any CPU.ActiveCfg = Release|Any CPU
		{A6C6513E-1C9A-4B66-AAA4-555A42D1E4F8}.Release|Any CPU.Build.0 = Release|Any CPU
		{AB62F1A3-42C1-4D7C-AEC7-A0554E6B971D}.Debug|Any CPU.ActiveCfg = Debug|Any CPU
		{AB62F1A3-42C1-4D7C-AEC7-A0554E6B971D}.Debug|Any CPU.Build.0 = Debug|Any CPU
		{AB62F1A3-42C1-4D7C-AEC7-A0554E6B971D}.Release|Any CPU.ActiveCfg = Release|Any CPU
		{AB62F1A3-42C1-4D7C-AEC7-A0554E6B971D}.Release|Any CPU.Build.0 = Release|Any CPU
		{E6047B25-35AE-46B7-83FE-D171F4D65961}.Debug|Any CPU.ActiveCfg = Debug|Any CPU
		{E6047B25-35AE-46B7-83FE-D171F4D65961}.Debug|Any CPU.Build.0 = Debug|Any CPU
		{E6047B25-35AE-46B7-83FE-D171F4D65961}.Release|Any CPU.ActiveCfg = Release|Any CPU
		{E6047B25-35AE-46B7-83FE-D171F4D65961}.Release|Any CPU.Build.0 = Release|Any CPU
		{71EFF6D9-6AB7-4F7A-A506-503396F7E0ED}.Debug|Any CPU.ActiveCfg = Debug|Any CPU
		{71EFF6D9-6AB7-4F7A-A506-503396F7E0ED}.Debug|Any CPU.Build.0 = Debug|Any CPU
		{71EFF6D9-6AB7-4F7A-A506-503396F7E0ED}.Release|Any CPU.ActiveCfg = Release|Any CPU
		{71EFF6D9-6AB7-4F7A-A506-503396F7E0ED}.Release|Any CPU.Build.0 = Release|Any CPU
	EndGlobalSection
	GlobalSection(SolutionProperties) = preSolution
		HideSolutionNode = FALSE
	EndGlobalSection
	GlobalSection(NestedProjects) = preSolution
		{ECEA0295-2902-4893-93AB-6259CEF670C6} = {597DBD49-830A-4CE0-A7D6-9CBEA5B3F5A5}
		{7B009C1A-01EE-4B99-AFEF-66AA41FDF0D0} = {E703426D-021B-4DD2-91FD-AE3EE2434C42}
		{58B07FB4-D204-40D1-AE2D-6811E9FD031D} = {CC02D16F-BF35-464A-90E5-FA2E52A8BA77}
		{0734D21E-107C-4629-9912-FFD5DD18F7F9} = {CC02D16F-BF35-464A-90E5-FA2E52A8BA77}
		{40F4A2D4-1EB5-4749-9BEC-00045F3D3389} = {597DBD49-830A-4CE0-A7D6-9CBEA5B3F5A5}
		{F02A5307-03C6-4C8A-AED7-751CDFB80B83} = {0734D21E-107C-4629-9912-FFD5DD18F7F9}
		{0E06438A-1439-449D-9723-239854882686} = {0734D21E-107C-4629-9912-FFD5DD18F7F9}
		{94FEB763-FF08-4122-A9F7-114B5787FC9D} = {B0C9B756-6078-4A61-BA30-B636DF04E3A6}
		{C4873DBE-5463-4614-82DD-05642FE17B2A} = {266902FB-21A7-4625-BB5D-D10BC4B0DD64}
		{A6C6513E-1C9A-4B66-AAA4-555A42D1E4F8} = {40F4A2D4-1EB5-4749-9BEC-00045F3D3389}
		{AB62F1A3-42C1-4D7C-AEC7-A0554E6B971D} = {40F4A2D4-1EB5-4749-9BEC-00045F3D3389}
		{E6047B25-35AE-46B7-83FE-D171F4D65961} = {266902FB-21A7-4625-BB5D-D10BC4B0DD64}
		{71EFF6D9-6AB7-4F7A-A506-503396F7E0ED} = {ED110D7D-6A07-4B3C-9AC6-D694E45E732A}
	EndGlobalSection
	GlobalSection(ExtensibilityGlobals) = postSolution
		SolutionGuid = {D27A32A4-0648-4629-9B84-753A4E66C38E}
	EndGlobalSection
EndGlobal
